<?xml version="1.0" encoding="utf-8"?>
<Project ToolsVersion="4.0" xmlns="http://schemas.microsoft.com/developer/msbuild/2003">
  <ItemGroup>
    <Filter Include="Fichiers sources">
      <UniqueIdentifier>{4FC737F1-C7A5-4376-A066-2A32D752A2FF}</UniqueIdentifier>
      <Extensions>cpp;c;cc;cxx;def;odl;idl;hpj;bat;asm;asmx</Extensions>
    </Filter>
    <Filter Include="Fichiers d%27en-tête">
      <UniqueIdentifier>{93995380-89BD-4b04-88EB-625FBE52EBFB}</UniqueIdentifier>
      <Extensions>h;hpp;hxx;hm;inl;inc;xsd</Extensions>
    </Filter>
    <Filter Include="Fichiers de ressources">
      <UniqueIdentifier>{67DA6AB6-F800-4c08-8B7A-83BB121AAD01}</UniqueIdentifier>
      <Extensions>rc;ico;cur;bmp;dlg;rc2;rct;bin;rgs;gif;jpg;jpeg;jpe;resx;tiff;tif;png;wav;mfcribbon-ms</Extensions>
    </Filter>
  </ItemGroup>
  <ItemGroup>
    <ClCompile Include="main.cpp">
      <Filter>Fichiers sources</Filter>
    </ClCompile>
    <ClCompile Include="TLogger.cpp">
      <Filter>Fichiers sources</Filter>
    </ClCompile>
    <ClCompile Include="TTwincatInterface.cpp">
      <Filter>Fichiers sources</Filter>
    </ClCompile>
    <ClCompile Include="login.cpp">
      <Filter>Fichiers sources</Filter>
    </ClCompile>
    <ClCompile Include="global.cpp">
      <Filter>Fichiers sources</Filter>
    </ClCompile>
    <ClCompile Include="TUtilities.cpp">
      <Filter>Fichiers sources</Filter>
    </ClCompile>
    <ClCompile Include="UserManager.cpp">
      <Filter>Fichiers sources</Filter>
    </ClCompile>
    <ClCompile Include="ProdScreen.cpp">
      <Filter>Fichiers sources</Filter>
    </ClCompile>
    <ClCompile Include="LogScreen.cpp">
      <Filter>Fichiers sources</Filter>
    </ClCompile>
    <ClCompile Include="MachineScreen.cpp">
      <Filter>Fichiers sources</Filter>
    </ClCompile>
    <ClCompile Include="AlarmScreen.cpp">
      <Filter>Fichiers sources</Filter>
    </ClCompile>
    <ClCompile Include="MainWindow.cpp">
      <Filter>Fichiers sources</Filter>
    </ClCompile>
    <ClCompile Include="NewOrder.cpp">
      <Filter>Fichiers sources</Filter>
    </ClCompile>
    <ClCompile Include="LoaderManualScreen.cpp">
      <Filter>Fichiers sources</Filter>
    </ClCompile>
    <ClCompile Include="DriveComponent.cpp">
      <Filter>Fichiers sources</Filter>
    </ClCompile>
    <ClCompile Include="BarrelManualScreen.cpp">
      <Filter>Fichiers sources</Filter>
    </ClCompile>
    <ClCompile Include="SharpenManualScreen.cpp">
      <Filter>Fichiers sources</Filter>
    </ClCompile>
    <ClCompile Include="TableManualScreen.cpp">
      <Filter>Fichiers sources</Filter>
    </ClCompile>
    <ClCompile Include="TurnOverManualScreen.cpp">
      <Filter>Fichiers sources</Filter>
    </ClCompile>
    <ClCompile Include="PearlingManualScreen.cpp">
      <Filter>Fichiers sources</Filter>
    </ClCompile>
    <ClCompile Include="RejectScreen.cpp">
      <Filter>Fichiers sources</Filter>
    </ClCompile>
    <ClCompile Include="RTPearlingScreen.cpp">
      <Filter>Fichiers sources</Filter>
    </ClCompile>
    <ClCompile Include="LiftManualScreen.cpp">
      <Filter>Fichiers sources</Filter>
    </ClCompile>
    <ClCompile Include="RejectManualScreen.cpp">
      <Filter>Fichiers sources</Filter>
    </ClCompile>
    <ClCompile Include="VisionManualScreen.cpp">
      <Filter>Fichiers sources</Filter>
    </ClCompile>
    <ClCompile Include="UtilitiesManualScreen.cpp">
      <Filter>Fichiers sources</Filter>
    </ClCompile>
    <ClCompile Include="DashboardScreen.cpp">
      <Filter>Fichiers sources</Filter>
    </ClCompile>
    <ClCompile Include="VacuumSettingsScreen.cpp">
      <Filter>Fichiers sources</Filter>
    </ClCompile>
    <ClCompile Include="CounterScreen.cpp">
      <Filter>Fichiers sources</Filter>
    </ClCompile>
    <ClCompile Include="TJobLogger.cpp">
      <Filter>Fichiers sources</Filter>
    </ClCompile>
    <ClCompile Include="AutoSamplingScreen.cpp">
      <Filter>Fichiers sources</Filter>
    </ClCompile>
  </ItemGroup>
  <ItemGroup>
    <ClInclude Include="MainWindow.h">
      <Filter>Fichiers d%27en-tête</Filter>
    </ClInclude>
    <ClInclude Include="TLogger.h">
      <Filter>Fichiers d%27en-tête</Filter>
    </ClInclude>
    <ClInclude Include="TTwincatInterface.h">
      <Filter>Fichiers d%27en-tête</Filter>
    </ClInclude>
    <ClInclude Include="login.h">
      <Filter>Fichiers d%27en-tête</Filter>
    </ClInclude>
    <ClInclude Include="MyMsgBox.h">
      <Filter>Fichiers d%27en-tête</Filter>
    </ClInclude>
    <ClInclude Include="global.h">
      <Filter>Fichiers d%27en-tête</Filter>
    </ClInclude>
    <ClInclude Include="TUtilities.h">
      <Filter>Fichiers d%27en-tête</Filter>
    </ClInclude>
    <ClInclude Include="UserManager.h">
      <Filter>Fichiers d%27en-tête</Filter>
    </ClInclude>
    <ClInclude Include="ProdScreen.h">
      <Filter>Fichiers d%27en-tête</Filter>
    </ClInclude>
    <ClInclude Include="LogScreen.h">
      <Filter>Fichiers d%27en-tête</Filter>
    </ClInclude>
    <ClInclude Include="MachineScreen.h">
      <Filter>Fichiers d%27en-tête</Filter>
    </ClInclude>
    <ClInclude Include="AlarmScreen.h">
      <Filter>Fichiers d%27en-tête</Filter>
    </ClInclude>
    <ClInclude Include="NewOrder.h">
      <Filter>Fichiers d%27en-tête</Filter>
    </ClInclude>
    <ClInclude Include="LoaderManualScreen.h">
      <Filter>Fichiers d%27en-tête</Filter>
    </ClInclude>
    <ClInclude Include="DriveComponent.h">
      <Filter>Fichiers d%27en-tête</Filter>
    </ClInclude>
    <ClInclude Include="BarrelManualScreen.h">
      <Filter>Fichiers d%27en-tête</Filter>
    </ClInclude>
    <ClInclude Include="PearlingManualScreen.h">
      <Filter>Fichiers d%27en-tête</Filter>
    </ClInclude>
    <ClInclude Include="TurnOverManualScreen.h">
      <Filter>Fichiers d%27en-tête</Filter>
    </ClInclude>
    <ClInclude Include="TableManualScreen.h">
      <Filter>Fichiers d%27en-tête</Filter>
    </ClInclude>
    <ClInclude Include="SharpenManualScreen.h">
      <Filter>Fichiers d%27en-tête</Filter>
    </ClInclude>
    <ClInclude Include="TextList.h">
      <Filter>Fichiers de ressources</Filter>
    </ClInclude>
    <ClInclude Include="RejectScreen.h">
      <Filter>Fichiers d%27en-tête</Filter>
    </ClInclude>
    <ClInclude Include="RTPearlingScreen.h">
      <Filter>Fichiers d%27en-tête</Filter>
    </ClInclude>
    <ClInclude Include="LiftManualScreen.h">
      <Filter>Fichiers d%27en-tête</Filter>
    </ClInclude>
    <ClInclude Include="RejectManualScreen.h">
      <Filter>Fichiers d%27en-tête</Filter>
    </ClInclude>
    <ClInclude Include="VisionManualScreen.h">
      <Filter>Fichiers d%27en-tête</Filter>
    </ClInclude>
    <ClInclude Include="UtilitiesManualScreen.h">
      <Filter>Fichiers d%27en-tête</Filter>
    </ClInclude>
    <ClInclude Include="DashboardScreen.h">
      <Filter>Fichiers d%27en-tête</Filter>
    </ClInclude>
    <ClInclude Include="VacuumSettingsScreen.h">
      <Filter>Fichiers d%27en-tête</Filter>
    </ClInclude>
    <ClInclude Include="CounterScreen.h">
      <Filter>Fichiers d%27en-tête</Filter>
    </ClInclude>
    <ClInclude Include="TJobLogger.h">
      <Filter>Fichiers d%27en-tête</Filter>
    </ClInclude>
    <ClInclude Include="AutoSamplingScreen.h">
      <Filter>Fichiers d%27en-tête</Filter>
    </ClInclude>
  </ItemGroup>
  <ItemGroup>
    <EmbeddedResource Include="MainWindow.resx">
      <Filter>Fichiers de ressources</Filter>
    </EmbeddedResource>
    <EmbeddedResource Include="MyMsgBox.resx">
      <Filter>Fichiers de ressources</Filter>
    </EmbeddedResource>
    <EmbeddedResource Include="login.resx">
      <Filter>Fichiers de ressources</Filter>
    </EmbeddedResource>
    <EmbeddedResource Include="UserManager.resx">
      <Filter>Fichiers de ressources</Filter>
    </EmbeddedResource>
    <EmbeddedResource Include="AlarmScreen.resx">
      <Filter>Fichiers de ressources</Filter>
    </EmbeddedResource>
    <EmbeddedResource Include="LogScreen.resx">
      <Filter>Fichiers de ressources</Filter>
    </EmbeddedResource>
    <EmbeddedResource Include="MachineScreen.resx">
      <Filter>Fichiers de ressources</Filter>
    </EmbeddedResource>
    <EmbeddedResource Include="ProdScreen.resx">
      <Filter>Fichiers de ressources</Filter>
    </EmbeddedResource>
    <EmbeddedResource Include="NewOrder.resx">
      <Filter>Fichiers de ressources</Filter>
    </EmbeddedResource>
    <EmbeddedResource Include="LoaderManualScreen.resx">
      <Filter>Fichiers de ressources</Filter>
    </EmbeddedResource>
    <EmbeddedResource Include="DriveComponent.resx">
      <Filter>Fichiers de ressources</Filter>
    </EmbeddedResource>
    <EmbeddedResource Include="BarrelManualScreen.resx">
      <Filter>Fichiers de ressources</Filter>
    </EmbeddedResource>
    <EmbeddedResource Include="PearlingManualScreen.resx">
      <Filter>Fichiers de ressources</Filter>
    </EmbeddedResource>
    <EmbeddedResource Include="TurnOverManualScreen.resx">
      <Filter>Fichiers de ressources</Filter>
    </EmbeddedResource>
    <EmbeddedResource Include="TableManualScreen.resx">
      <Filter>Fichiers de ressources</Filter>
    </EmbeddedResource>
    <EmbeddedResource Include="SharpenManualScreen.resx">
      <Filter>Fichiers de ressources</Filter>
    </EmbeddedResource>
    <EmbeddedResource Include="RejectScreen.resx">
      <Filter>Fichiers de ressources</Filter>
    </EmbeddedResource>
    <EmbeddedResource Include="RTPearlingScreen.resx">
      <Filter>Fichiers de ressources</Filter>
    </EmbeddedResource>
    <EmbeddedResource Include="LiftManualScreen.resx">
      <Filter>Fichiers de ressources</Filter>
    </EmbeddedResource>
    <EmbeddedResource Include="RejectManualScreen.resx">
      <Filter>Fichiers de ressources</Filter>
    </EmbeddedResource>
    <EmbeddedResource Include="VisionManualScreen.resx">
      <Filter>Fichiers de ressources</Filter>
    </EmbeddedResource>
    <EmbeddedResource Include="UtilitiesManualScreen.resx">
      <Filter>Fichiers de ressources</Filter>
    </EmbeddedResource>
    <EmbeddedResource Include="DashboardScreen.resx">
      <Filter>Fichiers de ressources</Filter>
    </EmbeddedResource>
    <EmbeddedResource Include="VacuumSettingsScreen.resx">
      <Filter>Fichiers de ressources</Filter>
    </EmbeddedResource>
    <EmbeddedResource Include="CounterScreen.resx">
      <Filter>Fichiers de ressources</Filter>
    </EmbeddedResource>
    <EmbeddedResource Include="AutoSamplingScreen.resx">
      <Filter>Fichiers de ressources</Filter>
    </EmbeddedResource>
  </ItemGroup>
  <ItemGroup>
    <Image Include="hmi2.bmp">
      <Filter>Fichiers de ressources</Filter>
    </Image>
    <Image Include="..\images\hmi.jpg">
      <Filter>Fichiers de ressources</Filter>
    </Image>
  </ItemGroup>
</Project>